
Microsoft Visual Studio Solution File, Format Version 12.00
# Visual Studio 15
VisualStudioVersion = 15.0.28307.329
MinimumVisualStudioVersion = 10.0.40219.1
Project("{FAE04EC0-301F-11D3-BF4B-00C04F79EFBC}") = "WpfApp1", "WpfApp1\WpfApp1.csproj", "{8CCBF0C3-4556-43E6-BA3A-7B5BBB26AB74}"
EndProject
Global
	GlobalSection(SolutionConfigurationPlatforms) = preSolution
		Debug|Any CPU = Debug|Any CPU
		Release|Any CPU = Release|Any CPU
	EndGlobalSection
	GlobalSection(ProjectConfigurationPlatforms) = postSolution
		{8CCBF0C3-4556-43E6-BA3A-7B5BBB26AB74}.Debug|Any CPU.ActiveCfg = Debug|Any CPU
		{8CCBF0C3-4556-43E6-BA3A-7B5BBB26AB74}.Debug|Any CPU.Build.0 = Debug|Any CPU
		{8CCBF0C3-4556-43E6-BA3A-7B5BBB26AB74}.Release|Any CPU.ActiveCfg = Release|Any CPU
		{8CCBF0C3-4556-43E6-BA3A-7B5BBB26AB74}.Release|Any CPU.Build.0 = Release|Any CPU
	EndGlobalSection
	GlobalSection(SolutionProperties) = preSolution
		HideSolutionNode = FALSE
	EndGlobalSection
	GlobalSection(ExtensibilityGlobals) = postSolution
		SolutionGuid = {84EA207C-9494-449B-BE31-677EB0E011BD}
	EndGlobalSection
EndGlobal
